
Microsoft Visual Studio Solution File, Format Version 12.00
# Visual Studio Version 17
VisualStudioVersion = 17.12.35527.113
MinimumVisualStudioVersion = 10.0.40219.1
Project("{FAE04EC0-301F-11D3-BF4B-00C04F79EFBC}") = "ProductManagement.Infrastructure", "ProductManagement.Infrastructure\ProductManagement.Infrastructure.csproj", "{CC60CFB9-6007-49AD-80DE-F441468F884E}"
EndProject
Project("{FAE04EC0-301F-11D3-BF4B-00C04F79EFBC}") = "ProductManagement.WebApi", "ProductManagement.WebApi\ProductManagement.WebApi.csproj", "{A578245F-6CE6-4EF1-BEC0-91B049AA34E2}"
EndProject
Project("{FAE04EC0-301F-11D3-BF4B-00C04F79EFBC}") = "ProductManagement.Domain", "ProductManagement.Domain\ProductManagement.Domain.csproj", "{7D81BD40-9EA5-4918-A1C6-6E9864B76507}"
EndProject
Project("{FAE04EC0-301F-11D3-BF4B-00C04F79EFBC}") = "ProductManagement.Application", "ProductManagement.Application\ProductManagement.Application.csproj", "{1ADB0C4A-7D1F-4B31-81FF-40C292EA3293}"
EndProject
Global
	GlobalSection(SolutionConfigurationPlatforms) = preSolution
		Debug|Any CPU = Debug|Any CPU
		Release|Any CPU = Release|Any CPU
	EndGlobalSection
	GlobalSection(ProjectConfigurationPlatforms) = postSolution
		{CC60CFB9-6007-49AD-80DE-F441468F884E}.Debug|Any CPU.ActiveCfg = Debug|Any CPU
		{CC60CFB9-6007-49AD-80DE-F441468F884E}.Debug|Any CPU.Build.0 = Debug|Any CPU
		{CC60CFB9-6007-49AD-80DE-F441468F884E}.Release|Any CPU.ActiveCfg = Release|Any CPU
		{CC60CFB9-6007-49AD-80DE-F441468F884E}.Release|Any CPU.Build.0 = Release|Any CPU
		{A578245F-6CE6-4EF1-BEC0-91B049AA34E2}.Debug|Any CPU.ActiveCfg = Debug|Any CPU
		{A578245F-6CE6-4EF1-BEC0-91B049AA34E2}.Debug|Any CPU.Build.0 = Debug|Any CPU
		{A578245F-6CE6-4EF1-BEC0-91B049AA34E2}.Release|Any CPU.ActiveCfg = Release|Any CPU
		{A578245F-6CE6-4EF1-BEC0-91B049AA34E2}.Release|Any CPU.Build.0 = Release|Any CPU
		{7D81BD40-9EA5-4918-A1C6-6E9864B76507}.Debug|Any CPU.ActiveCfg = Debug|Any CPU
		{7D81BD40-9EA5-4918-A1C6-6E9864B76507}.Debug|Any CPU.Build.0 = Debug|Any CPU
		{7D81BD40-9EA5-4918-A1C6-6E9864B76507}.Release|Any CPU.ActiveCfg = Release|Any CPU
		{7D81BD40-9EA5-4918-A1C6-6E9864B76507}.Release|Any CPU.Build.0 = Release|Any CPU
		{1ADB0C4A-7D1F-4B31-81FF-40C292EA3293}.Debug|Any CPU.ActiveCfg = Debug|Any CPU
		{1ADB0C4A-7D1F-4B31-81FF-40C292EA3293}.Debug|Any CPU.Build.0 = Debug|Any CPU
		{1ADB0C4A-7D1F-4B31-81FF-40C292EA3293}.Release|Any CPU.ActiveCfg = Release|Any CPU
		{1ADB0C4A-7D1F-4B31-81FF-40C292EA3293}.Release|Any CPU.Build.0 = Release|Any CPU
	EndGlobalSection
	GlobalSection(SolutionProperties) = preSolution
		HideSolutionNode = FALSE
	EndGlobalSection
EndGlobal
